
Microsoft Visual Studio Solution File, Format Version 12.00
# Visual Studio Version 16
VisualStudioVersion = 16.0.30320.27
MinimumVisualStudioVersion = 10.0.40219.1
Project("{FAE04EC0-301F-11D3-BF4B-00C04F79EFBC}") = "NLog-CheatBase", "NLog-CheatBase.csproj", "{D5D37B5B-4D38-432D-BD92-A6A661F9377A}"
EndProject
Global
	GlobalSection(SolutionConfigurationPlatforms) = preSolution
		Debug|Any CPU = Debug|Any CPU
		Release|Any CPU = Release|Any CPU
	EndGlobalSection
	GlobalSection(ProjectConfigurationPlatforms) = postSolution
		{D5D37B5B-4D38-432D-BD92-A6A661F9377A}.Debug|Any CPU.ActiveCfg = Debug|Any CPU
		{D5D37B5B-4D38-432D-BD92-A6A661F9377A}.Debug|Any CPU.Build.0 = Debug|Any CPU
		{D5D37B5B-4D38-432D-BD92-A6A661F9377A}.Release|Any CPU.ActiveCfg = Release|Any CPU
		{D5D37B5B-4D38-432D-BD92-A6A661F9377A}.Release|Any CPU.Build.0 = Release|Any CPU
	EndGlobalSection
	GlobalSection(SolutionProperties) = preSolution
		HideSolutionNode = FALSE
	EndGlobalSection
	GlobalSection(ExtensibilityGlobals) = postSolution
		SolutionGuid = {61DB6EC1-5C23-421F-9A8A-8D1B398CC8D0}
	EndGlobalSection
EndGlobal
